
Microsoft Visual Studio Solution File, Format Version 12.00
# Visual Studio Version 17
VisualStudioVersion = 17.5.33516.290
MinimumVisualStudioVersion = 10.0.40219.1
Project("{FAE04EC0-301F-11D3-BF4B-00C04F79EFBC}") = "CustomerProjectSQL", "CustomerProjectSQL\CustomerProjectSQL.csproj", "{02253BCB-D3CF-4D03-ADDF-C41D97C9E771}"
EndProject
Global
	GlobalSection(SolutionConfigurationPlatforms) = preSolution
		Debug|Any CPU = Debug|Any CPU
		Release|Any CPU = Release|Any CPU
	EndGlobalSection
	GlobalSection(ProjectConfigurationPlatforms) = postSolution
		{02253BCB-D3CF-4D03-ADDF-C41D97C9E771}.Debug|Any CPU.ActiveCfg = Debug|Any CPU
		{02253BCB-D3CF-4D03-ADDF-C41D97C9E771}.Debug|Any CPU.Build.0 = Debug|Any CPU
		{02253BCB-D3CF-4D03-ADDF-C41D97C9E771}.Release|Any CPU.ActiveCfg = Release|Any CPU
		{02253BCB-D3CF-4D03-ADDF-C41D97C9E771}.Release|Any CPU.Build.0 = Release|Any CPU
	EndGlobalSection
	GlobalSection(SolutionProperties) = preSolution
		HideSolutionNode = FALSE
	EndGlobalSection
	GlobalSection(ExtensibilityGlobals) = postSolution
		SolutionGuid = {D443263F-4CAA-4DCE-8A22-87F1F92E199E}
	EndGlobalSection
EndGlobal
